lockfileVersion: 5.4

specifiers:
  '@types/node': ^18.11.18
  '@types/terminal-kit': ^2.5.1
  '@types/yargs': ^17.0.20
  esbuild: ^0.17.5
  rome: ^11.0.0
  terminal-kit: ^3.0.0
  typescript: ^4.9.4
  yargs: ^17.6.2

dependencies:
  terminal-kit: 3.0.0
  yargs: 17.6.2

devDependencies:
  '@types/node': 18.11.18
  '@types/terminal-kit': 2.5.1
  '@types/yargs': 17.0.20
  esbuild: 0.17.5
  rome: 11.0.0
  typescript: 4.9.4

packages:

  /@cronvel/get-pixels/3.4.1:
    resolution: {integrity: sha512-gB5C5nDIacLUdsMuW8YsM9SzK3vaFANe4J11CVXpovpy7bZUGrcJKmc6m/0gWG789pKr6XSZY2aEetjFvSRw5g==}
    dependencies:
      jpeg-js: 0.4.4
      ndarray: 1.0.19
      ndarray-pack: 1.2.1
      node-bitmap: 0.0.1
      omggif: 1.0.10
      pngjs: 6.0.0
    dev: false

  /@esbuild/android-arm/0.17.5:
    resolution: {integrity: sha512-crmPUzgCmF+qZXfl1YkiFoUta2XAfixR1tEnr/gXIixE+WL8Z0BGqfydP5oox0EUOgQMMRgtATtakyAcClQVqQ==}
    engines: {node: '>=12'}
    cpu: [arm]
    os: [android]
    requiresBuild: true
    dev: true
    optional: true

  /@esbuild/android-arm64/0.17.5:
    resolution: {integrity: sha512-KHWkDqYAMmKZjY4RAN1PR96q6UOtfkWlTS8uEwWxdLtkRt/0F/csUhXIrVfaSIFxnscIBMPynGfhsMwQDRIBQw==}
    engines: {node: '>=12'}
    cpu: [arm64]
    os: [android]
    requiresBuild: true
    dev: true
    optional: true

  /@esbuild/android-x64/0.17.5:
    resolution: {integrity: sha512-8fI/AnIdmWz/+1iza2WrCw8kwXK9wZp/yZY/iS8ioC+U37yJCeppi9EHY05ewJKN64ASoBIseufZROtcFnX5GA==}
    engines: {node: '>=12'}
    cpu: [x64]
    os: [android]
    requiresBuild: true
    dev: true
    optional: true

  /@esbuild/darwin-arm64/0.17.5:
    resolution: {integrity: sha512-EAvaoyIySV6Iif3NQCglUNpnMfHSUgC5ugt2efl3+QDntucJe5spn0udNZjTgNi6tKVqSceOw9tQ32liNZc1Xw==}
    engines: {node: '>=12'}
    cpu: [arm64]
    os: [darwin]
    requiresBuild: true
    dev: true
    optional: true

  /@esbuild/darwin-x64/0.17.5:
    resolution: {integrity: sha512-ha7QCJh1fuSwwCgoegfdaljowwWozwTDjBgjD3++WAy/qwee5uUi1gvOg2WENJC6EUyHBOkcd3YmLDYSZ2TPPA==}
    engines: {node: '>=12'}
    cpu: [x64]
    os: [darwin]
    requiresBuild: true
    dev: true
    optional: true

  /@esbuild/freebsd-arm64/0.17.5:
    resolution: {integrity: sha512-VbdXJkn2aI2pQ/wxNEjEcnEDwPpxt3CWWMFYmO7CcdFBoOsABRy2W8F3kjbF9F/pecEUDcI3b5i2w+By4VQFPg==}
    engines: {node: '>=12'}
    cpu: [arm64]
    os: [freebsd]
    requiresBuild: true
    dev: true
    optional: true

  /@esbuild/freebsd-x64/0.17.5:
    resolution: {integrity: sha512-olgGYND1/XnnWxwhjtY3/ryjOG/M4WfcA6XH8dBTH1cxMeBemMODXSFhkw71Kf4TeZFFTN25YOomaNh0vq2iXg==}
    engines: {node: '>=12'}
    cpu: [x64]
    os: [freebsd]
    requiresBuild: true
    dev: true
    optional: true

  /@esbuild/linux-arm/0.17.5:
    resolution: {integrity: sha512-YBdCyQwA3OQupi6W2/WO4FnI+NWFWe79cZEtlbqSESOHEg7a73htBIRiE6uHPQe7Yp5E4aALv+JxkRLGEUL7tw==}
    engines: {node: '>=12'}
    cpu: [arm]
    os: [linux]
    requiresBuild: true
    dev: true
    optional: true

  /@esbuild/linux-arm64/0.17.5:
    resolution: {integrity: sha512-8a0bqSwu3OlLCfu2FBbDNgQyBYdPJh1B9PvNX7jMaKGC9/KopgHs37t+pQqeMLzcyRqG6z55IGNQAMSlCpBuqg==}
    engines: {node: '>=12'}
    cpu: [arm64]
    os: [linux]
    requiresBuild: true
    dev: true
    optional: true

  /@esbuild/linux-ia32/0.17.5:
    resolution: {integrity: sha512-uCwm1r/+NdP7vndctgq3PoZrnmhmnecWAr114GWMRwg2QMFFX+kIWnp7IO220/JLgnXK/jP7VKAFBGmeOYBQYQ==}
    engines: {node: '>=12'}
    cpu: [ia32]
    os: [linux]
    requiresBuild: true
    dev: true
    optional: true

  /@esbuild/linux-loong64/0.17.5:
    resolution: {integrity: sha512-3YxhSBl5Sb6TtBjJu+HP93poBruFzgXmf3PVfIe4xOXMj1XpxboYZyw3W8BhoX/uwxzZz4K1I99jTE/5cgDT1g==}
    engines: {node: '>=12'}
    cpu: [loong64]
    os: [linux]
    requiresBuild: true
    dev: true
    optional: true

  /@esbuild/linux-mips64el/0.17.5:
    resolution: {integrity: sha512-Hy5Z0YVWyYHdtQ5mfmfp8LdhVwGbwVuq8mHzLqrG16BaMgEmit2xKO+iDakHs+OetEx0EN/2mUzDdfdktI+Nmg==}
    engines: {node: '>=12'}
    cpu: [mips64el]
    os: [linux]
    requiresBuild: true
    dev: true
    optional: true

  /@esbuild/linux-ppc64/0.17.5:
    resolution: {integrity: sha512-5dbQvBLbU/Y3Q4ABc9gi23hww1mQcM7KZ9KBqabB7qhJswYMf8WrDDOSw3gdf3p+ffmijMd28mfVMvFucuECyg==}
    engines: {node: '>=12'}
    cpu: [ppc64]
    os: [linux]
    requiresBuild: true
    dev: true
    optional: true

  /@esbuild/linux-riscv64/0.17.5:
    resolution: {integrity: sha512-fp/KUB/ZPzEWGTEUgz9wIAKCqu7CjH1GqXUO2WJdik1UNBQ7Xzw7myIajpxztE4Csb9504ERiFMxZg5KZ6HlZQ==}
    engines: {node: '>=12'}
    cpu: [riscv64]
    os: [linux]
    requiresBuild: true
    dev: true
    optional: true

  /@esbuild/linux-s390x/0.17.5:
    resolution: {integrity: sha512-kRV3yw19YDqHTp8SfHXfObUFXlaiiw4o2lvT1XjsPZ++22GqZwSsYWJLjMi1Sl7j9qDlDUduWDze/nQx0d6Lzw==}
    engines: {node: '>=12'}
    cpu: [s390x]
    os: [linux]
    requiresBuild: true
    dev: true
    optional: true

  /@esbuild/linux-x64/0.17.5:
    resolution: {integrity: sha512-vnxuhh9e4pbtABNLbT2ANW4uwQ/zvcHRCm1JxaYkzSehugoFd5iXyC4ci1nhXU13mxEwCnrnTIiiSGwa/uAF1g==}
    engines: {node: '>=12'}
    cpu: [x64]
    os: [linux]
    requiresBuild: true
    dev: true
    optional: true

  /@esbuild/netbsd-x64/0.17.5:
    resolution: {integrity: sha512-cigBpdiSx/vPy7doUyImsQQBnBjV5f1M99ZUlaJckDAJjgXWl6y9W17FIfJTy8TxosEF6MXq+fpLsitMGts2nA==}
    engines: {node: '>=12'}
    cpu: [x64]
    os: [netbsd]
    requiresBuild: true
    dev: true
    optional: true

  /@esbuild/openbsd-x64/0.17.5:
    resolution: {integrity: sha512-VdqRqPVIjjZfkf40LrqOaVuhw9EQiAZ/GNCSM2UplDkaIzYVsSnycxcFfAnHdWI8Gyt6dO15KHikbpxwx+xHbw==}
    engines: {node: '>=12'}
    cpu: [x64]
    os: [openbsd]
    requiresBuild: true
    dev: true
    optional: true

  /@esbuild/sunos-x64/0.17.5:
    resolution: {integrity: sha512-ItxPaJ3MBLtI4nK+mALLEoUs6amxsx+J1ibnfcYMkqaCqHST1AkF4aENpBehty3czqw64r/XqL+W9WqU6kc2Qw==}
    engines: {node: '>=12'}
    cpu: [x64]
    os: [sunos]
    requiresBuild: true
    dev: true
    optional: true

  /@esbuild/win32-arm64/0.17.5:
    resolution: {integrity: sha512-4u2Q6qsJTYNFdS9zHoAi80spzf78C16m2wla4eJPh4kSbRv+BpXIfl6TmBSWupD8e47B1NrTfrOlEuco7mYQtg==}
    engines: {node: '>=12'}
    cpu: [arm64]
    os: [win32]
    requiresBuild: true
    dev: true
    optional: true

  /@esbuild/win32-ia32/0.17.5:
    resolution: {integrity: sha512-KYlm+Xu9TXsfTWAcocLuISRtqxKp/Y9ZBVg6CEEj0O5J9mn7YvBKzAszo2j1ndyzUPk+op+Tie2PJeN+BnXGqQ==}
    engines: {node: '>=12'}
    cpu: [ia32]
    os: [win32]
    requiresBuild: true
    dev: true
    optional: true

  /@esbuild/win32-x64/0.17.5:
    resolution: {integrity: sha512-XgA9qWRqby7xdYXuF6KALsn37QGBMHsdhmnpjfZtYxKxbTOwfnDM6MYi2WuUku5poNaX2n9XGVr20zgT/2QwCw==}
    engines: {node: '>=12'}
    cpu: [x64]
    os: [win32]
    requiresBuild: true
    dev: true
    optional: true

  /@rometools/cli-darwin-arm64/11.0.0:
    resolution: {integrity: sha512-F3vkdY+s3FLIEnAjSbyHTuIPB88cLpccimW4ecid5I7S6GzGG3iUJI4xT00JhH73K4P/qW20/9r+kH1T9Du8Xg==}
    cpu: [arm64]
    os: [darwin]
    requiresBuild: true
    dev: true
    optional: true

  /@rometools/cli-darwin-x64/11.0.0:
    resolution: {integrity: sha512-X6jhtS6Iml4GOzgNtnLwIp/KXXhSdqeVyfv69m/AHnIzx3gQAjPZ7BPnJLvTCbhe4SKHL+uTZYFSCJpkUUKE6w==}
    cpu: [x64]
    os: [darwin]
    requiresBuild: true
    dev: true
    optional: true

  /@rometools/cli-linux-arm64/11.0.0:
    resolution: {integrity: sha512-dktTJJlTpmycBZ2TwhJBcAO8ztK8DdevdyZnFFxdYRvtmJgTjIsC2UFayf/SbKew8B8q1IhI0it+D6ihAeIpeg==}
    cpu: [arm64]
    os: [linux]
    requiresBuild: true
    dev: true
    optional: true

  /@rometools/cli-linux-x64/11.0.0:
    resolution: {integrity: sha512-WVcnXPNdWGUWo0p4NU8YzuthjYR7q+b4vRcjdxtP1DlpphZmSsoC/RSE85nEqRAz8hChcKUansVzOPM8BSsuGA==}
    cpu: [x64]
    os: [linux]
    requiresBuild: true
    dev: true
    optional: true

  /@rometools/cli-win32-arm64/11.0.0:
    resolution: {integrity: sha512-tPj6RThQzS7Q45jqQll7NlTYvNcsg/BEP3LYiiazqSh9FAFnMkrV6ewUcMPKWyAfiyLs7jlz4rRvdNRUSygzfQ==}
    cpu: [arm64]
    os: [win32]
    requiresBuild: true
    dev: true
    optional: true

  /@rometools/cli-win32-x64/11.0.0:
    resolution: {integrity: sha512-bmBai8WHxYjsGk1+je7ZTfCUCWq30WJI3pQM8pzTA674lfGTZ9ymJoZwTaIMSO4rL5V9mlO6uLunsBKso9VqOg==}
    cpu: [x64]
    os: [win32]
    requiresBuild: true
    dev: true
    optional: true

  /@types/nextgen-events/1.1.1:
    resolution: {integrity: sha512-5ah4pA0NmgvlUp5BAAOj3VogC31OD7ZbU+VC9DYpy5o8zQKqnxCjnnckUDsCjGnynMwzV0NUlzj23Y5/y/xfXA==}
    dev: true

  /@types/node/18.11.18:
    resolution: {integrity: sha512-DHQpWGjyQKSHj3ebjFI/wRKcqQcdR+MoFBygntYOZytCqNfkd2ZC4ARDJ2DQqhjH5p85Nnd3jhUJIXrszFX/JA==}
    dev: true

  /@types/terminal-kit/2.5.1:
    resolution: {integrity: sha512-u1zB3PcH7HWDwZDc5CaH+EfrpArzvTkEtioGhsu/FMOeOxq3wJxPRzoXTAP2UpRpPnpvc2+RQvYmaT7k1reS+Q==}
    dependencies:
      '@types/nextgen-events': 1.1.1
    dev: true

  /@types/yargs-parser/21.0.0:
    resolution: {integrity: sha512-iO9ZQHkZxHn4mSakYV0vFHAVDyEOIJQrV2uZ06HxEPcx+mt8swXoZHIbaaJ2crJYFfErySgktuTZ3BeLz+XmFA==}
    dev: true

  /@types/yargs/17.0.20:
    resolution: {integrity: sha512-eknWrTHofQuPk2iuqDm1waA7V6xPlbgBoaaXEgYkClhLOnB0TtbW+srJaOToAgawPxPlHQzwypFA2bhZaUGP5A==}
    dependencies:
      '@types/yargs-parser': 21.0.0
    dev: true

  /ansi-regex/5.0.1:
    resolution: {integrity: sha512-quJQXlTSUGL2LH9SUXo8VwsY4soanhgo6LNSm84E1LBcE8s3O0wpdiRzyR9z/ZZJMlMWv37qOOb9pdJlMUEKFQ==}
    engines: {node: '>=8'}
    dev: false

  /ansi-styles/4.3.0:
    resolution: {integrity: sha512-zbB9rCJAT1rbjiVDb2hqKFHNYLxgtk8NURxZ3IZwD3F6NtxbXZQCnnSi1Lkx+IDohdPlFp222wVALIheZJQSEg==}
    engines: {node: '>=8'}
    dependencies:
      color-convert: 2.0.1
    dev: false

  /chroma-js/2.4.2:
    resolution: {integrity: sha512-U9eDw6+wt7V8z5NncY2jJfZa+hUH8XEj8FQHgFJTrUFnJfXYf4Ml4adI2vXZOjqRDpFWtYVWypDfZwnJ+HIR4A==}
    dev: false

  /cliui/8.0.1:
    resolution: {integrity: sha512-BSeNnyus75C4//NQ9gQt1/csTXyo/8Sb+afLAkzAptFuMsod9HFokGNudZpi/oQV73hnVK+sR+5PVRMd+Dr7YQ==}
    engines: {node: '>=12'}
    dependencies:
      string-width: 4.2.3
      strip-ansi: 6.0.1
      wrap-ansi: 7.0.0
    dev: false

  /color-convert/2.0.1:
    resolution: {integrity: sha512-RRECPsj7iu/xb5oKYcsFHSppFNnsj/52OVTRKb4zP5onXwVF3zVmmToNcOfGC+CRDpfK/U584fMg38ZHCaElKQ==}
    engines: {node: '>=7.0.0'}
    dependencies:
      color-name: 1.1.4
    dev: false

  /color-name/1.1.4:
    resolution: {integrity: sha512-dOy+3AuW3a2wNbZHIuMZpTcgjGuLU/uBL/ubcZF9OXbDo8ff4O8yVp5Bf0efS8uEoYo5q4Fx7dY9OgQGXgAsQA==}
    dev: false

  /cwise-compiler/1.1.3:
    resolution: {integrity: sha512-WXlK/m+Di8DMMcCjcWr4i+XzcQra9eCdXIJrgh4TUgh0pIS/yJduLxS9JgefsHJ/YVLdgPtXm9r62W92MvanEQ==}
    dependencies:
      uniq: 1.0.1
    dev: false

  /emoji-regex/8.0.0:
    resolution: {integrity: sha512-MSjYzcWNOA0ewAHpz0MxpYFvwg6yjy1NG3xteoqz644VCo/RPgnr1/GGt+ic3iJTzQ8Eu3TdM14SawnVUmGE6A==}
    dev: false

  /esbuild/0.17.5:
    resolution: {integrity: sha512-Bu6WLCc9NMsNoMJUjGl3yBzTjVLXdysMltxQWiLAypP+/vQrf+3L1Xe8fCXzxaECus2cEJ9M7pk4yKatEwQMqQ==}
    engines: {node: '>=12'}
    hasBin: true
    requiresBuild: true
    optionalDependencies:
      '@esbuild/android-arm': 0.17.5
      '@esbuild/android-arm64': 0.17.5
      '@esbuild/android-x64': 0.17.5
      '@esbuild/darwin-arm64': 0.17.5
      '@esbuild/darwin-x64': 0.17.5
      '@esbuild/freebsd-arm64': 0.17.5
      '@esbuild/freebsd-x64': 0.17.5
      '@esbuild/linux-arm': 0.17.5
      '@esbuild/linux-arm64': 0.17.5
      '@esbuild/linux-ia32': 0.17.5
      '@esbuild/linux-loong64': 0.17.5
      '@esbuild/linux-mips64el': 0.17.5
      '@esbuild/linux-ppc64': 0.17.5
      '@esbuild/linux-riscv64': 0.17.5
      '@esbuild/linux-s390x': 0.17.5
      '@esbuild/linux-x64': 0.17.5
      '@esbuild/netbsd-x64': 0.17.5
      '@esbuild/openbsd-x64': 0.17.5
      '@esbuild/sunos-x64': 0.17.5
      '@esbuild/win32-arm64': 0.17.5
      '@esbuild/win32-ia32': 0.17.5
      '@esbuild/win32-x64': 0.17.5
    dev: true

  /escalade/3.1.1:
    resolution: {integrity: sha512-k0er2gUkLf8O0zKJiAhmkTnJlTvINGv7ygDNPbeIsX/TJjGJZHuh9B2UxbsaEkmlEo9MfhrSzmhIlhRlI2GXnw==}
    engines: {node: '>=6'}
    dev: false

  /get-caller-file/2.0.5:
    resolution: {integrity: sha512-DyFP3BM/3YHTQOCUL/w0OZHR0lpKeGrxotcHWcqNEdnltqFwXVfhEBQ94eIo34AfQpo0rGki4cyIiftY06h2Fg==}
    engines: {node: 6.* || 8.* || >= 10.*}
    dev: false

  /iota-array/1.0.0:
    resolution: {integrity: sha512-pZ2xT+LOHckCatGQ3DcG/a+QuEqvoxqkiL7tvE8nn3uuu+f6i1TtpB5/FtWFbxUuVr5PZCx8KskuGatbJDXOWA==}
    dev: false

  /is-buffer/1.1.6:
    resolution: {integrity: sha512-NcdALwpXkTm5Zvvbk7owOUSvVvBKDgKP5/ewfXEznmQFfs4ZRmanOeKBTjRVjka3QFoN6XJ+9F3USqfHqTaU5w==}
    dev: false

  /is-fullwidth-code-point/3.0.0:
    resolution: {integrity: sha512-zymm5+u+sCsSWyD9qNaejV3DFvhCKclKdizYaJUuHA83RLjb7nSuGnddCHGv0hk+KY7BMAlsWeK4Ueg6EV6XQg==}
    engines: {node: '>=8'}
    dev: false

  /jpeg-js/0.4.4:
    resolution: {integrity: sha512-WZzeDOEtTOBK4Mdsar0IqEU5sMr3vSV2RqkAIzUEV2BHnUfKGyswWFPFwK5EeDo93K3FohSHbLAjj0s1Wzd+dg==}
    dev: false

  /lazyness/1.2.0:
    resolution: {integrity: sha512-KenL6EFbwxBwRxG93t0gcUyi0Nw0Ub31FJKN1laA4UscdkL1K1AxUd0gYZdcLU3v+x+wcFi4uQKS5hL+fk500g==}
    engines: {node: '>=6.0.0'}
    dev: false

  /ndarray-pack/1.2.1:
    resolution: {integrity: sha512-51cECUJMT0rUZNQa09EoKsnFeDL4x2dHRT0VR5U2H5ZgEcm95ZDWcMA5JShroXjHOejmAD/fg8+H+OvUnVXz2g==}
    dependencies:
      cwise-compiler: 1.1.3
      ndarray: 1.0.19
    dev: false

  /ndarray/1.0.19:
    resolution: {integrity: sha512-B4JHA4vdyZU30ELBw3g7/p9bZupyew5a7tX1Y/gGeF2hafrPaQZhgrGQfsvgfYbgdFZjYwuEcnaobeM/WMW+HQ==}
    dependencies:
      iota-array: 1.0.0
      is-buffer: 1.1.6
    dev: false

  /nextgen-events/1.5.3:
    resolution: {integrity: sha512-P6qw6kenNXP+J9XlKJNi/MNHUQ+Lx5K8FEcSfX7/w8KJdZan5+BB5MKzuNgL2RTjHG1Svg8SehfseVEp8zAqwA==}
    engines: {node: '>=6.0.0'}
    dev: false

  /node-bitmap/0.0.1:
    resolution: {integrity: sha512-Jx5lPaaLdIaOsj2mVLWMWulXF6GQVdyLvNSxmiYCvZ8Ma2hfKX0POoR2kgKOqz+oFsRreq0yYZjQ2wjE9VNzCA==}
    engines: {node: '>=v0.6.5'}
    dev: false

  /omggif/1.0.10:
    resolution: {integrity: sha512-LMJTtvgc/nugXj0Vcrrs68Mn2D1r0zf630VNtqtpI1FEO7e+O9FP4gqs9AcnBaSEeoHIPm28u6qgPR0oyEpGSw==}
    dev: false

  /pngjs/6.0.0:
    resolution: {integrity: sha512-TRzzuFRRmEoSW/p1KVAmiOgPco2Irlah+bGFCeNfJXxxYGwSw7YwAOAcd7X28K/m5bjBWKsC29KyoMfHbypayg==}
    engines: {node: '>=12.13.0'}
    dev: false

  /require-directory/2.1.1:
    resolution: {integrity: sha512-fGxEI7+wsG9xrvdjsrlmL22OMTTiHRwAMroiEeMgq8gzoLC/PQr7RsRDSTLUg/bZAZtF+TVIkHc6/4RIKrui+Q==}
    engines: {node: '>=0.10.0'}
    dev: false

  /rome/11.0.0:
    resolution: {integrity: sha512-rRo6JOwpMLc3OkeTDRXkrmrDqnxDvZ75GS4f0jLDBNmRgDXWbu0F8eVnJoRn+VbK2AE7vWvhVOMBjnWowcopkQ==}
    engines: {node: '>=14.*'}
    hasBin: true
    requiresBuild: true
    optionalDependencies:
      '@rometools/cli-darwin-arm64': 11.0.0
      '@rometools/cli-darwin-x64': 11.0.0
      '@rometools/cli-linux-arm64': 11.0.0
      '@rometools/cli-linux-x64': 11.0.0
      '@rometools/cli-win32-arm64': 11.0.0
      '@rometools/cli-win32-x64': 11.0.0
    dev: true

  /setimmediate/1.0.5:
    resolution: {integrity: sha512-MATJdZp8sLqDl/68LfQmbP8zKPLQNV6BIZoIgrscFDQ+RsvK/BxeDQOgyxKKoh0y/8h3BqVFnCqQ/gd+reiIXA==}
    dev: false

  /seventh/0.8.2:
    resolution: {integrity: sha512-GQsGIdg98GLYW4KEtzr+JKfI94NTaSeJAzAL3XrObeFeHvVp7PwuVELYNzk6XO1s8rWD+tTDKce3wh/No8ZPAg==}
    engines: {node: '>=16.13.0'}
    dependencies:
      setimmediate: 1.0.5
    dev: false

  /string-kit/0.17.8:
    resolution: {integrity: sha512-pkJoGTq6y/xMwvV9A9Ets/sRgYEQ/nxhbHsm0z/8pAB6pqkC2JF+Od9r1o8CPRkai12r0XjRsCwUiZaSnEdjdA==}
    engines: {node: '>=14.15.0'}
    dev: false

  /string-width/4.2.3:
    resolution: {integrity: sha512-wKyQRQpjJ0sIp62ErSZdGsjMJWsap5oRNihHhu6G7JVO/9jIB6UyevL+tXuOqrng8j/cxKTWyWUwvSTriiZz/g==}
    engines: {node: '>=8'}
    dependencies:
      emoji-regex: 8.0.0
      is-fullwidth-code-point: 3.0.0
      strip-ansi: 6.0.1
    dev: false

  /strip-ansi/6.0.1:
    resolution: {integrity: sha512-Y38VPSHcqkFrCpFnQ9vuSXmquuv5oXOKpGeT6aGrr3o3Gc9AlVa6JBfUSOCnbxGGZF+/0ooI7KrPuUSztUdU5A==}
    engines: {node: '>=8'}
    dependencies:
      ansi-regex: 5.0.1
    dev: false

  /terminal-kit/3.0.0:
    resolution: {integrity: sha512-GSJGYF0+hoFylKJXmq0ntE42b4S7zUkxFpf7FqHGwKFPCNeGkuv3jV0tmGquZkmfh5mYb/B2xoPJiP40mJsQrg==}
    engines: {node: '>=16.13.0'}
    dependencies:
      '@cronvel/get-pixels': 3.4.1
      chroma-js: 2.4.2
      lazyness: 1.2.0
      ndarray: 1.0.19
      nextgen-events: 1.5.3
      seventh: 0.8.2
      string-kit: 0.17.8
      tree-kit: 0.7.4
    dev: false

  /tree-kit/0.7.4:
    resolution: {integrity: sha512-Of3tPmVs3b6BhzyUJ7t0olisf47kYr9qAm0XaUpURMjdBn6TwiVaaMuTFoKkkvPGojd9trKAHlrGGcGKcdR1DA==}
    dev: false

  /typescript/4.9.4:
    resolution: {integrity: sha512-Uz+dTXYzxXXbsFpM86Wh3dKCxrQqUcVMxwU54orwlJjOpO3ao8L7j5lH+dWfTwgCwIuM9GQ2kvVotzYJMXTBZg==}
    engines: {node: '>=4.2.0'}
    hasBin: true
    dev: true

  /uniq/1.0.1:
    resolution: {integrity: sha512-Gw+zz50YNKPDKXs+9d+aKAjVwpjNwqzvNpLigIruT4HA9lMZNdMqs9x07kKHB/L9WRzqp4+DlTU5s4wG2esdoA==}
    dev: false

  /wrap-ansi/7.0.0:
    resolution: {integrity: sha512-YVGIj2kamLSTxw6NsZjoBxfSwsn0ycdesmc4p+Q21c5zPuZ1pl+NfxVdxPtdHvmNVOQ6XSYG4AUtyt/Fi7D16Q==}
    engines: {node: '>=10'}
    dependencies:
      ansi-styles: 4.3.0
      string-width: 4.2.3
      strip-ansi: 6.0.1
    dev: false

  /y18n/5.0.8:
    resolution: {integrity: sha512-0pfFzegeDWJHJIAmTLRP2DwHjdF5s7jo9tuztdQxAhINCdvS+3nGINqPd00AphqJR/0LhANUS6/+7SCb98YOfA==}
    engines: {node: '>=10'}
    dev: false

  /yargs-parser/21.1.1:
    resolution: {integrity: sha512-tVpsJW7DdjecAiFpbIB1e3qxIQsE6NoPc5/eTdrbbIC4h0LVsWhnoa3g+m2HclBIujHzsxZ4VJVA+GUuc2/LBw==}
    engines: {node: '>=12'}
    dev: false

  /yargs/17.6.2:
    resolution: {integrity: sha512-1/9UrdHjDZc0eOU0HxOHoS78C69UD3JRMvzlJ7S79S2nTaWRA/whGCTV8o9e/N/1Va9YIV7Q4sOxD8VV4pCWOw==}
    engines: {node: '>=12'}
    dependencies:
      cliui: 8.0.1
      escalade: 3.1.1
      get-caller-file: 2.0.5
      require-directory: 2.1.1
      string-width: 4.2.3
      y18n: 5.0.8
      yargs-parser: 21.1.1
    dev: false
